// !$*UTF8*$!
{
	archiveVersion = 1;
	classes = {
	};
	objectVersion = 46;
	objects = {

/* Begin PBXBuildFile section */
		04372F019A9018D4E0B2FB39 /* Cocoa.framework in Frameworks */ = {isa = PBXBuildFile; fileRef = EBA5430D03C09EB636DECE8F /* Cocoa.framework */; };
		09406141255ADC6FF87649F1 /* RecorderContracts.swift in Sources */ = {isa = PBXBuildFile; fileRef = E97C8C3A16861460430DD435 /* RecorderContracts.swift */; };
		176FE825C7309333AB6E90CE /* Cocoa.framework in Frameworks */ = {isa = PBXBuildFile; fileRef = EBA5430D03C09EB636DECE8F /* Cocoa.framework */; };
		2577B64F124D2F41FA1D4649 /* Vision.framework in Frameworks */ = {isa = PBXBuildFile; fileRef = 988FF381DAAFD0E6062F004F /* Vision.framework */; };
		2831B0155BE1A781B0E6908C /* RecordApp.swift in Sources */ = {isa = PBXBuildFile; fileRef = 4BCC9D6A156969257FBAEAF8 /* RecordApp.swift */; };
		28BB7AF144DA10C2D9DBAB68 /* AppKit.framework in Frameworks */ = {isa = PBXBuildFile; fileRef = 5B6F9A516292F38789E74BF5 /* AppKit.framework */; };
		3297C19181346C04190B4736 /* RecordCore.framework in Frameworks */ = {isa = PBXBuildFile; fileRef = F548DE4B8632502324295D73 /* RecordCore.framework */; };
		43A621C3668EBD7EFD7431C0 /* RecorderStateMachine.swift in Sources */ = {isa = PBXBuildFile; fileRef = F8D09855380C706051DB04A7 /* RecorderStateMachine.swift */; };
		4C052E0F2428B51853C56205 /* ContentView.swift in Sources */ = {isa = PBXBuildFile; fileRef = 0CFCFEB90DD835C7953B18E0 /* ContentView.swift */; };
		53557C05C401D3142DDDEAB8 /* RecorderDomainTests.swift in Sources */ = {isa = PBXBuildFile; fileRef = 083BAD2596CF0C9EE61B662F /* RecorderDomainTests.swift */; };
		59C64E73FC7D9B23AEAF6900 /* UniformTypeIdentifiers.framework in Frameworks */ = {isa = PBXBuildFile; fileRef = 878C6F1A8E8753F9BFE349E7 /* UniformTypeIdentifiers.framework */; };
		70105DD73A3DAF596FBBA189 /* RecorderEngine.swift in Sources */ = {isa = PBXBuildFile; fileRef = 598FBBCADD8022287E1D5C00 /* RecorderEngine.swift */; };
		91A457DDE6D3AC64B7966CD1 /* Cocoa.framework in Frameworks */ = {isa = PBXBuildFile; fileRef = EBA5430D03C09EB636DECE8F /* Cocoa.framework */; };
		9AEA5DCD5ADDC2A0DDD50C4A /* AVFoundation.framework in Frameworks */ = {isa = PBXBuildFile; fileRef = EDEDE210388A3AF01626D0EC /* AVFoundation.framework */; };
		ADF6C099B37D54EDBBB0BC55 /* CoreImage.framework in Frameworks */ = {isa = PBXBuildFile; fileRef = 9E57AC86FF249587200277E6 /* CoreImage.framework */; };
		BB65F87DC31EFFD18FFDF649 /* RecordCore.framework in Embed Frameworks */ = {isa = PBXBuildFile; fileRef = F548DE4B8632502324295D73 /* RecordCore.framework */; settings = {ATTRIBUTES = (CodeSignOnCopy, RemoveHeadersOnCopy, ); }; };
		CAA693946A293181CE130E3D /* PersonSegmentationProcessor.swift in Sources */ = {isa = PBXBuildFile; fileRef = 0701FB208DF5061136A0F7F1 /* PersonSegmentationProcessor.swift */; };
		D4DFFFE6211F6863A3394B66 /* RecordCore.framework in Frameworks */ = {isa = PBXBuildFile; fileRef = F548DE4B8632502324295D73 /* RecordCore.framework */; };
		FCE720C3D7A763D44D75A724 /* RecorderViewModel.swift in Sources */ = {isa = PBXBuildFile; fileRef = 47EFACF5ED024A86BA4E029D /* RecorderViewModel.swift */; };
/* End PBXBuildFile section */

/* Begin PBXContainerItemProxy section */
		0EED6647DD6F4BA025106953 /* PBXContainerItemProxy */ = {
			isa = PBXContainerItemProxy;
			containerPortal = 7C57612FA7E5D6E8524280DC /* Project object */;
			proxyType = 1;
			remoteGlobalIDString = 20D203DF4CF9AC9CCE812EB8;
			remoteInfo = RecordCore;
		};
		5CA78369C0B890F4AF9B9F32 /* PBXContainerItemProxy */ = {
			isa = PBXContainerItemProxy;
			containerPortal = 7C57612FA7E5D6E8524280DC /* Project object */;
			proxyType = 1;
			remoteGlobalIDString = 20D203DF4CF9AC9CCE812EB8;
			remoteInfo = RecordCore;
		};
/* End PBXContainerItemProxy section */

/* Begin PBXCopyFilesBuildPhase section */
		696FACA090AFEB0341760722 /* Embed Frameworks */ = {
			isa = PBXCopyFilesBuildPhase;
			buildActionMask = 2147483647;
			dstPath = "";
			dstSubfolderSpec = 10;
			files = (
				BB65F87DC31EFFD18FFDF649 /* RecordCore.framework in Embed Frameworks */,
			);
			name = "Embed Frameworks";
			runOnlyForDeploymentPostprocessing = 0;
		};
/* End PBXCopyFilesBuildPhase section */

/* Begin PBXFileReference section */
		0701FB208DF5061136A0F7F1 /* PersonSegmentationProcessor.swift */ = {isa = PBXFileReference; includeInIndex = 1; lastKnownFileType = sourcecode.swift; name = PersonSegmentationProcessor.swift; path = Sources/RecordCore/Processing/PersonSegmentationProcessor.swift; sourceTree = "<group>"; };
		083BAD2596CF0C9EE61B662F /* RecorderDomainTests.swift */ = {isa = PBXFileReference; includeInIndex = 1; lastKnownFileType = sourcecode.swift; name = RecorderDomainTests.swift; path = Tests/RecordCoreTests/RecorderDomainTests.swift; sourceTree = "<group>"; };
		0CFCFEB90DD835C7953B18E0 /* ContentView.swift */ = {isa = PBXFileReference; includeInIndex = 1; lastKnownFileType = sourcecode.swift; name = ContentView.swift; path = Sources/RecordApp/ContentView.swift; sourceTree = "<group>"; };
		36F8CC89336F4239A94CB088 /* Record.app */ = {isa = PBXFileReference; explicitFileType = wrapper.application; includeInIndex = 0; path = Record.app; sourceTree = BUILT_PRODUCTS_DIR; };
		47EFACF5ED024A86BA4E029D /* RecorderViewModel.swift */ = {isa = PBXFileReference; includeInIndex = 1; lastKnownFileType = sourcecode.swift; name = RecorderViewModel.swift; path = Sources/RecordApp/RecorderViewModel.swift; sourceTree = "<group>"; };
		4BCC9D6A156969257FBAEAF8 /* RecordApp.swift */ = {isa = PBXFileReference; includeInIndex = 1; lastKnownFileType = sourcecode.swift; name = RecordApp.swift; path = Sources/RecordApp/RecordApp.swift; sourceTree = "<group>"; };
		598FBBCADD8022287E1D5C00 /* RecorderEngine.swift */ = {isa = PBXFileReference; includeInIndex = 1; lastKnownFileType = sourcecode.swift; name = RecorderEngine.swift; path = Sources/RecordCore/Capture/RecorderEngine.swift; sourceTree = "<group>"; };
		5B6F9A516292F38789E74BF5 /* AppKit.framework */ = {isa = PBXFileReference; lastKnownFileType = wrapper.framework; name = AppKit.framework; path = System/Library/Frameworks/AppKit.framework; sourceTree = "<group>"; };
		878C6F1A8E8753F9BFE349E7 /* UniformTypeIdentifiers.framework */ = {isa = PBXFileReference; lastKnownFileType = wrapper.framework; name = UniformTypeIdentifiers.framework; path = System/Library/Frameworks/UniformTypeIdentifiers.framework; sourceTree = "<group>"; };
		988FF381DAAFD0E6062F004F /* Vision.framework */ = {isa = PBXFileReference; lastKnownFileType = wrapper.framework; name = Vision.framework; path = System/Library/Frameworks/Vision.framework; sourceTree = "<group>"; };
		9E57AC86FF249587200277E6 /* CoreImage.framework */ = {isa = PBXFileReference; lastKnownFileType = wrapper.framework; name = CoreImage.framework; path = System/Library/Frameworks/CoreImage.framework; sourceTree = "<group>"; };
		D028CC7398D94EFB51D50F49 /* RecordCoreTests.xctest */ = {isa = PBXFileReference; explicitFileType = wrapper.cfbundle; includeInIndex = 0; path = RecordCoreTests.xctest; sourceTree = BUILT_PRODUCTS_DIR; };
		E97C8C3A16861460430DD435 /* RecorderContracts.swift */ = {isa = PBXFileReference; includeInIndex = 1; lastKnownFileType = sourcecode.swift; name = RecorderContracts.swift; path = Sources/RecordCore/Domain/RecorderContracts.swift; sourceTree = "<group>"; };
		EBA5430D03C09EB636DECE8F /* Cocoa.framework */ = {isa = PBXFileReference; lastKnownFileType = wrapper.framework; name = Cocoa.framework; path = Platforms/MacOSX.platform/Developer/SDKs/MacOSX15.0.sdk/System/Library/Frameworks/Cocoa.framework; sourceTree = DEVELOPER_DIR; };
		EDEDE210388A3AF01626D0EC /* AVFoundation.framework */ = {isa = PBXFileReference; lastKnownFileType = wrapper.framework; name = AVFoundation.framework; path = System/Library/Frameworks/AVFoundation.framework; sourceTree = "<group>"; };
		F548DE4B8632502324295D73 /* RecordCore.framework */ = {isa = PBXFileReference; explicitFileType = wrapper.framework; includeInIndex = 0; path = RecordCore.framework; sourceTree = BUILT_PRODUCTS_DIR; };
		F8D09855380C706051DB04A7 /* RecorderStateMachine.swift */ = {isa = PBXFileReference; includeInIndex = 1; lastKnownFileType = sourcecode.swift; name = RecorderStateMachine.swift; path = Sources/RecordCore/Domain/RecorderStateMachine.swift; sourceTree = "<group>"; };
/* End PBXFileReference section */

/* Begin PBXFrameworksBuildPhase section */
		4F3B53C4247950254DEBCF94 /* Frameworks */ = {
			isa = PBXFrameworksBuildPhase;
			buildActionMask = 2147483647;
			files = (
				91A457DDE6D3AC64B7966CD1 /* Cocoa.framework in Frameworks */,
			);
			runOnlyForDeploymentPostprocessing = 0;
		};
		A554D266EA3C90567E3D5F81 /* Frameworks */ = {
			isa = PBXFrameworksBuildPhase;
			buildActionMask = 2147483647;
			files = (
				04372F019A9018D4E0B2FB39 /* Cocoa.framework in Frameworks */,
				28BB7AF144DA10C2D9DBAB68 /* AppKit.framework in Frameworks */,
				9AEA5DCD5ADDC2A0DDD50C4A /* AVFoundation.framework in Frameworks */,
				ADF6C099B37D54EDBBB0BC55 /* CoreImage.framework in Frameworks */,
				2577B64F124D2F41FA1D4649 /* Vision.framework in Frameworks */,
				59C64E73FC7D9B23AEAF6900 /* UniformTypeIdentifiers.framework in Frameworks */,
				3297C19181346C04190B4736 /* RecordCore.framework in Frameworks */,
			);
			runOnlyForDeploymentPostprocessing = 0;
		};
		FCA1B17EAFC8C01E91830B36 /* Frameworks */ = {
			isa = PBXFrameworksBuildPhase;
			buildActionMask = 2147483647;
			files = (
				176FE825C7309333AB6E90CE /* Cocoa.framework in Frameworks */,
				D4DFFFE6211F6863A3394B66 /* RecordCore.framework in Frameworks */,
			);
			runOnlyForDeploymentPostprocessing = 0;
		};
/* End PBXFrameworksBuildPhase section */

/* Begin PBXGroup section */
		2DC587F73200A3C7D7BA19F0 /* Products */ = {
			isa = PBXGroup;
			children = (
				F548DE4B8632502324295D73 /* RecordCore.framework */,
				36F8CC89336F4239A94CB088 /* Record.app */,
				D028CC7398D94EFB51D50F49 /* RecordCoreTests.xctest */,
			);
			name = Products;
			sourceTree = "<group>";
		};
		788DC9FEE2E13BFF1D6A814F /* Tests */ = {
			isa = PBXGroup;
			children = (
				083BAD2596CF0C9EE61B662F /* RecorderDomainTests.swift */,
			);
			name = Tests;
			sourceTree = "<group>";
		};
		8084A5E77EAC12CF58A6E125 /* Frameworks */ = {
			isa = PBXGroup;
			children = (
				DB5D2E574D1D386196022AF4 /* OS X */,
				5B6F9A516292F38789E74BF5 /* AppKit.framework */,
				EDEDE210388A3AF01626D0EC /* AVFoundation.framework */,
				9E57AC86FF249587200277E6 /* CoreImage.framework */,
				988FF381DAAFD0E6062F004F /* Vision.framework */,
				878C6F1A8E8753F9BFE349E7 /* UniformTypeIdentifiers.framework */,
			);
			name = Frameworks;
			sourceTree = "<group>";
		};
		966CAAA9A4DF3E279194046C = {
			isa = PBXGroup;
			children = (
				2DC587F73200A3C7D7BA19F0 /* Products */,
				8084A5E77EAC12CF58A6E125 /* Frameworks */,
				788DC9FEE2E13BFF1D6A814F /* Tests */,
				D74993BC853BA06693343703 /* Sources */,
			);
			sourceTree = "<group>";
		};
		BE42499154E56C4D71CE4B34 /* RecordApp */ = {
			isa = PBXGroup;
			children = (
				0CFCFEB90DD835C7953B18E0 /* ContentView.swift */,
				4BCC9D6A156969257FBAEAF8 /* RecordApp.swift */,
				47EFACF5ED024A86BA4E029D /* RecorderViewModel.swift */,
			);
			name = RecordApp;
			sourceTree = "<group>";
		};
		CE5EAF787FEBBBA7BB22FB79 /* RecordCore */ = {
			isa = PBXGroup;
			children = (
				598FBBCADD8022287E1D5C00 /* RecorderEngine.swift */,
				E97C8C3A16861460430DD435 /* RecorderContracts.swift */,
				F8D09855380C706051DB04A7 /* RecorderStateMachine.swift */,
				0701FB208DF5061136A0F7F1 /* PersonSegmentationProcessor.swift */,
			);
			name = RecordCore;
			sourceTree = "<group>";
		};
		D74993BC853BA06693343703 /* Sources */ = {
			isa = PBXGroup;
			children = (
				CE5EAF787FEBBBA7BB22FB79 /* RecordCore */,
				BE42499154E56C4D71CE4B34 /* RecordApp */,
			);
			name = Sources;
			sourceTree = "<group>";
		};
		DB5D2E574D1D386196022AF4 /* OS X */ = {
			isa = PBXGroup;
			children = (
				EBA5430D03C09EB636DECE8F /* Cocoa.framework */,
			);
			name = "OS X";
			sourceTree = "<group>";
		};
/* End PBXGroup section */

/* Begin PBXHeadersBuildPhase section */
		7974CC1E788834B0F7E4A6C8 /* Headers */ = {
			isa = PBXHeadersBuildPhase;
			buildActionMask = 2147483647;
			files = (
			);
			runOnlyForDeploymentPostprocessing = 0;
		};
/* End PBXHeadersBuildPhase section */

/* Begin PBXNativeTarget section */
		20D203DF4CF9AC9CCE812EB8 /* RecordCore */ = {
			isa = PBXNativeTarget;
			buildConfigurationList = 60A07AE848902912C6E8F17D /* Build configuration list for PBXNativeTarget "RecordCore" */;
			buildPhases = (
				7974CC1E788834B0F7E4A6C8 /* Headers */,
				8AB138BE7232D6D03B50ADB7 /* Sources */,
				4F3B53C4247950254DEBCF94 /* Frameworks */,
				EDCE3BAE22756CDF39DA3664 /* Resources */,
			);
			buildRules = (
			);
			dependencies = (
			);
			name = RecordCore;
			productName = RecordCore;
			productReference = F548DE4B8632502324295D73 /* RecordCore.framework */;
			productType = "com.apple.product-type.framework";
		};
		2AF91A00AE85AFD00E609A09 /* RecordCoreTests */ = {
			isa = PBXNativeTarget;
			buildConfigurationList = 383DACA31B318071703A4D6D /* Build configuration list for PBXNativeTarget "RecordCoreTests" */;
			buildPhases = (
				D19DCF5A79B45C12E528DE70 /* Sources */,
				FCA1B17EAFC8C01E91830B36 /* Frameworks */,
				F04F4D3154A1DE6A3D72F02F /* Resources */,
			);
			buildRules = (
			);
			dependencies = (
				BF85782C3B6597A0C458302E /* PBXTargetDependency */,
			);
			name = RecordCoreTests;
			productName = RecordCoreTests;
			productReference = D028CC7398D94EFB51D50F49 /* RecordCoreTests.xctest */;
			productType = "com.apple.product-type.bundle.unit-test";
		};
		F3B209BABC7425A36B8D516F /* Record */ = {
			isa = PBXNativeTarget;
			buildConfigurationList = 28BF92DAF5A9DBD39022F19E /* Build configuration list for PBXNativeTarget "Record" */;
			buildPhases = (
				5B3A771E97C2DF5C71F17ECB /* Sources */,
				A554D266EA3C90567E3D5F81 /* Frameworks */,
				4840A7758AB035EECFF4831C /* Resources */,
				696FACA090AFEB0341760722 /* Embed Frameworks */,
			);
			buildRules = (
			);
			dependencies = (
				AD9B86A1B272D0EE7ACE81FB /* PBXTargetDependency */,
			);
			name = Record;
			productName = Record;
			productReference = 36F8CC89336F4239A94CB088 /* Record.app */;
			productType = "com.apple.product-type.application";
		};
/* End PBXNativeTarget section */

/* Begin PBXProject section */
		7C57612FA7E5D6E8524280DC /* Project object */ = {
			isa = PBXProject;
			attributes = {
				LastSwiftUpdateCheck = 2620;
				LastUpgradeCheck = 2620;
			};
			buildConfigurationList = 2FF3836BECC8D57A8CEBF743 /* Build configuration list for PBXProject "Record" */;
			compatibilityVersion = "Xcode 3.2";
			developmentRegion = en;
			hasScannedForEncodings = 0;
			knownRegions = (
				en,
				Base,
			);
			mainGroup = 966CAAA9A4DF3E279194046C;
			minimizedProjectReferenceProxies = 0;
			preferredProjectObjectVersion = 77;
			productRefGroup = 2DC587F73200A3C7D7BA19F0 /* Products */;
			projectDirPath = "";
			projectRoot = "";
			targets = (
				20D203DF4CF9AC9CCE812EB8 /* RecordCore */,
				F3B209BABC7425A36B8D516F /* Record */,
				2AF91A00AE85AFD00E609A09 /* RecordCoreTests */,
			);
		};
/* End PBXProject section */

/* Begin PBXResourcesBuildPhase section */
		4840A7758AB035EECFF4831C /* Resources */ = {
			isa = PBXResourcesBuildPhase;
			buildActionMask = 2147483647;
			files = (
			);
			runOnlyForDeploymentPostprocessing = 0;
		};
		EDCE3BAE22756CDF39DA3664 /* Resources */ = {
			isa = PBXResourcesBuildPhase;
			buildActionMask = 2147483647;
			files = (
			);
			runOnlyForDeploymentPostprocessing = 0;
		};
		F04F4D3154A1DE6A3D72F02F /* Resources */ = {
			isa = PBXResourcesBuildPhase;
			buildActionMask = 2147483647;
			files = (
			);
			runOnlyForDeploymentPostprocessing = 0;
		};
/* End PBXResourcesBuildPhase section */

/* Begin PBXSourcesBuildPhase section */
		5B3A771E97C2DF5C71F17ECB /* Sources */ = {
			isa = PBXSourcesBuildPhase;
			buildActionMask = 2147483647;
			files = (
				4C052E0F2428B51853C56205 /* ContentView.swift in Sources */,
				2831B0155BE1A781B0E6908C /* RecordApp.swift in Sources */,
				FCE720C3D7A763D44D75A724 /* RecorderViewModel.swift in Sources */,
			);
			runOnlyForDeploymentPostprocessing = 0;
		};
		8AB138BE7232D6D03B50ADB7 /* Sources */ = {
			isa = PBXSourcesBuildPhase;
			buildActionMask = 2147483647;
			files = (
				70105DD73A3DAF596FBBA189 /* RecorderEngine.swift in Sources */,
				09406141255ADC6FF87649F1 /* RecorderContracts.swift in Sources */,
				43A621C3668EBD7EFD7431C0 /* RecorderStateMachine.swift in Sources */,
				CAA693946A293181CE130E3D /* PersonSegmentationProcessor.swift in Sources */,
			);
			runOnlyForDeploymentPostprocessing = 0;
		};
		D19DCF5A79B45C12E528DE70 /* Sources */ = {
			isa = PBXSourcesBuildPhase;
			buildActionMask = 2147483647;
			files = (
				53557C05C401D3142DDDEAB8 /* RecorderDomainTests.swift in Sources */,
			);
			runOnlyForDeploymentPostprocessing = 0;
		};
/* End PBXSourcesBuildPhase section */

/* Begin PBXTargetDependency section */
		AD9B86A1B272D0EE7ACE81FB /* PBXTargetDependency */ = {
			isa = PBXTargetDependency;
			name = RecordCore;
			target = 20D203DF4CF9AC9CCE812EB8 /* RecordCore */;
			targetProxy = 0EED6647DD6F4BA025106953 /* PBXContainerItemProxy */;
		};
		BF85782C3B6597A0C458302E /* PBXTargetDependency */ = {
			isa = PBXTargetDependency;
			name = RecordCore;
			target = 20D203DF4CF9AC9CCE812EB8 /* RecordCore */;
			targetProxy = 5CA78369C0B890F4AF9B9F32 /* PBXContainerItemProxy */;
		};
/* End PBXTargetDependency section */

/* Begin XCBuildConfiguration section */
		5EB570F744DB3E91FAC4B521 /* Release */ = {
			isa = XCBuildConfiguration;
			buildSettings = {
				ASSETCATALOG_COMPILER_APPICON_NAME = "";
				ASSETCATALOG_COMPILER_GLOBAL_ACCENT_COLOR_NAME = AccentColor;
				CODE_SIGNING_ALLOWED = YES;
				"CODE_SIGN_IDENTITY[sdk=macosx*]" = "";
				CODE_SIGN_STYLE = Automatic;
				COMBINE_HIDPI_IMAGES = YES;
				DEVELOPMENT_TEAM = "";
				ENABLE_HARDENED_RUNTIME = NO;
				ENABLE_PREVIEWS = YES;
				GENERATE_INFOPLIST_FILE = YES;
				INFOPLIST_KEY_NSCameraUsageDescription = "Record needs camera access to preview and record video.";
				INFOPLIST_KEY_NSMicrophoneUsageDescription = "Record needs microphone access to capture audio.";
				LD_RUNPATH_SEARCH_PATHS = "$(inherited) @executable_path/../Frameworks";
				MACOSX_DEPLOYMENT_TARGET = 14.0;
				PRODUCT_BUNDLE_IDENTIFIER = com.shaofeizhi.record;
				PRODUCT_MODULE_NAME = Record;
				PRODUCT_NAME = Record;
				SDKROOT = macosx;
				SWIFT_EMIT_LOC_STRINGS = YES;
				SWIFT_VERSION = 6.0;
			};
			name = Release;
		};
		77E867728B613EA9013FF3B9 /* Debug */ = {
			isa = XCBuildConfiguration;
			buildSettings = {
				ASSETCATALOG_COMPILER_APPICON_NAME = "";
				CODE_SIGNING_ALLOWED = NO;
				COMBINE_HIDPI_IMAGES = YES;
				CURRENT_PROJECT_VERSION = 1;
				DEFINES_MODULE = YES;
				DYLIB_COMPATIBILITY_VERSION = 1;
				DYLIB_CURRENT_VERSION = 1;
				DYLIB_INSTALL_NAME_BASE = "@rpath";
				ENABLE_HARDENED_RUNTIME = NO;
				GENERATE_INFOPLIST_FILE = YES;
				INFOPLIST_KEY_NSCameraUsageDescription = "Record needs camera access to preview and record video.";
				INFOPLIST_KEY_NSMicrophoneUsageDescription = "Record needs microphone access to capture audio.";
				INSTALL_PATH = "$(LOCAL_LIBRARY_DIR)/Frameworks";
				LD_RUNPATH_SEARCH_PATHS = "$(inherited) @executable_path/../Frameworks @loader_path/Frameworks";
				MACOSX_DEPLOYMENT_TARGET = 14.0;
				PRODUCT_BUNDLE_IDENTIFIER = com.shaofeizhi.record.core;
				PRODUCT_MODULE_NAME = RecordCore;
				PRODUCT_NAME = RecordCore;
				SDKROOT = macosx;
				SKIP_INSTALL = YES;
				SWIFT_VERSION = 6.0;
				VERSIONING_SYSTEM = "apple-generic";
				VERSION_INFO_PREFIX = "";
			};
			name = Debug;
		};
		7C1FAB8B914C497875B99852 /* Debug */ = {
			isa = XCBuildConfiguration;
			buildSettings = {
				ASSETCATALOG_COMPILER_APPICON_NAME = "";
				ASSETCATALOG_COMPILER_GLOBAL_ACCENT_COLOR_NAME = AccentColor;
				CODE_SIGNING_ALLOWED = YES;
				"CODE_SIGN_IDENTITY[sdk=macosx*]" = "-";
				CODE_SIGN_STYLE = Manual;
				COMBINE_HIDPI_IMAGES = YES;
				DEVELOPMENT_TEAM = "";
				ENABLE_HARDENED_RUNTIME = NO;
				ENABLE_PREVIEWS = YES;
				GENERATE_INFOPLIST_FILE = YES;
				INFOPLIST_KEY_NSCameraUsageDescription = "Record needs camera access to preview and record video.";
				INFOPLIST_KEY_NSMicrophoneUsageDescription = "Record needs microphone access to capture audio.";
				LD_RUNPATH_SEARCH_PATHS = "$(inherited) @executable_path/../Frameworks";
				MACOSX_DEPLOYMENT_TARGET = 14.0;
				PRODUCT_BUNDLE_IDENTIFIER = com.shaofeizhi.record;
				PRODUCT_MODULE_NAME = Record;
				PRODUCT_NAME = Record;
				SDKROOT = macosx;
				SWIFT_EMIT_LOC_STRINGS = YES;
				SWIFT_VERSION = 6.0;
			};
			name = Debug;
		};
		8C4000E1F20CEE536AD12C24 /* Debug */ = {
			isa = XCBuildConfiguration;
			buildSettings = {
				ALWAYS_SEARCH_USER_PATHS = NO;
				CLANG_ANALYZER_NONNULL = YES;
				CLANG_ANALYZER_NUMBER_OBJECT_CONVERSION = YES_AGGRESSIVE;
				CLANG_CXX_LANGUAGE_STANDARD = "gnu++14";
				CLANG_CXX_LIBRARY = "libc++";
				CLANG_ENABLE_MODULES = YES;
				CLANG_ENABLE_OBJC_ARC = YES;
				CLANG_ENABLE_OBJC_WEAK = YES;
				CLANG_WARN_BLOCK_CAPTURE_AUTORELEASING = YES;
				CLANG_WARN_BOOL_CONVERSION = YES;
				CLANG_WARN_COMMA = YES;
				CLANG_WARN_CONSTANT_CONVERSION = YES;
				CLANG_WARN_DEPRECATED_OBJC_IMPLEMENTATIONS = YES;
				CLANG_WARN_DIRECT_OBJC_ISA_USAGE = YES_ERROR;
				CLANG_WARN_DOCUMENTATION_COMMENTS = YES;
				CLANG_WARN_EMPTY_BODY = YES;
				CLANG_WARN_ENUM_CONVERSION = YES;
				CLANG_WARN_INFINITE_RECURSION = YES;
				CLANG_WARN_INT_CONVERSION = YES;
				CLANG_WARN_NON_LITERAL_NULL_CONVERSION = YES;
				CLANG_WARN_OBJC_IMPLICIT_RETAIN_SELF = YES;
				CLANG_WARN_OBJC_LITERAL_CONVERSION = YES;
				CLANG_WARN_OBJC_ROOT_CLASS = YES_ERROR;
				CLANG_WARN_QUOTED_INCLUDE_IN_FRAMEWORK_HEADER = YES;
				CLANG_WARN_RANGE_LOOP_ANALYSIS = YES;
				CLANG_WARN_STRICT_PROTOTYPES = YES;
				CLANG_WARN_SUSPICIOUS_MOVE = YES;
				CLANG_WARN_UNGUARDED_AVAILABILITY = YES_AGGRESSIVE;
				CLANG_WARN_UNREACHABLE_CODE = YES;
				CLANG_WARN__DUPLICATE_METHOD_MATCH = YES;
				COPY_PHASE_STRIP = NO;
				DEBUG_INFORMATION_FORMAT = dwarf;
				ENABLE_STRICT_OBJC_MSGSEND = YES;
				ENABLE_TESTABILITY = YES;
				GCC_C_LANGUAGE_STANDARD = gnu11;
				GCC_DYNAMIC_NO_PIC = NO;
				GCC_NO_COMMON_BLOCKS = YES;
				GCC_OPTIMIZATION_LEVEL = 0;
				GCC_PREPROCESSOR_DEFINITIONS = (
					"DEBUG=1",
					"$(inherited)",
				);
				GCC_WARN_64_TO_32_BIT_CONVERSION = YES;
				GCC_WARN_ABOUT_RETURN_TYPE = YES_ERROR;
				GCC_WARN_UNDECLARED_SELECTOR = YES;
				GCC_WARN_UNINITIALIZED_AUTOS = YES_AGGRESSIVE;
				GCC_WARN_UNUSED_FUNCTION = YES;
				GCC_WARN_UNUSED_VARIABLE = YES;
				MTL_ENABLE_DEBUG_INFO = INCLUDE_SOURCE;
				MTL_FAST_MATH = YES;
				ONLY_ACTIVE_ARCH = YES;
				PRODUCT_NAME = "$(TARGET_NAME)";
				SWIFT_ACTIVE_COMPILATION_CONDITIONS = DEBUG;
				SWIFT_OPTIMIZATION_LEVEL = "-Onone";
				SWIFT_VERSION = 5.0;
			};
			name = Debug;
		};
		9CE79F7D2CA836B82AB9FDD4 /* Release */ = {
			isa = XCBuildConfiguration;
			buildSettings = {
				ASSETCATALOG_COMPILER_APPICON_NAME = "";
				CODE_SIGNING_ALLOWED = NO;
				ENABLE_HARDENED_RUNTIME = NO;
				GENERATE_INFOPLIST_FILE = YES;
				INFOPLIST_KEY_NSCameraUsageDescription = "Record needs camera access to preview and record video.";
				INFOPLIST_KEY_NSMicrophoneUsageDescription = "Record needs microphone access to capture audio.";
				MACOSX_DEPLOYMENT_TARGET = 14.0;
				PRODUCT_BUNDLE_IDENTIFIER = com.shaofeizhi.record.tests;
				PRODUCT_NAME = RecordCoreTests;
				SDKROOT = macosx;
				SWIFT_VERSION = 6.0;
			};
			name = Release;
		};
		A6B71A0F7FBD353BB2B82B3F /* Release */ = {
			isa = XCBuildConfiguration;
			buildSettings = {
				ALWAYS_SEARCH_USER_PATHS = NO;
				CLANG_ANALYZER_NONNULL = YES;
				CLANG_ANALYZER_NUMBER_OBJECT_CONVERSION = YES_AGGRESSIVE;
				CLANG_CXX_LANGUAGE_STANDARD = "gnu++14";
				CLANG_CXX_LIBRARY = "libc++";
				CLANG_ENABLE_MODULES = YES;
				CLANG_ENABLE_OBJC_ARC = YES;
				CLANG_ENABLE_OBJC_WEAK = YES;
				CLANG_WARN_BLOCK_CAPTURE_AUTORELEASING = YES;
				CLANG_WARN_BOOL_CONVERSION = YES;
				CLANG_WARN_COMMA = YES;
				CLANG_WARN_CONSTANT_CONVERSION = YES;
				CLANG_WARN_DEPRECATED_OBJC_IMPLEMENTATIONS = YES;
				CLANG_WARN_DIRECT_OBJC_ISA_USAGE = YES_ERROR;
				CLANG_WARN_DOCUMENTATION_COMMENTS = YES;
				CLANG_WARN_EMPTY_BODY = YES;
				CLANG_WARN_ENUM_CONVERSION = YES;
				CLANG_WARN_INFINITE_RECURSION = YES;
				CLANG_WARN_INT_CONVERSION = YES;
				CLANG_WARN_NON_LITERAL_NULL_CONVERSION = YES;
				CLANG_WARN_OBJC_IMPLICIT_RETAIN_SELF = YES;
				CLANG_WARN_OBJC_LITERAL_CONVERSION = YES;
				CLANG_WARN_OBJC_ROOT_CLASS = YES_ERROR;
				CLANG_WARN_QUOTED_INCLUDE_IN_FRAMEWORK_HEADER = YES;
				CLANG_WARN_RANGE_LOOP_ANALYSIS = YES;
				CLANG_WARN_STRICT_PROTOTYPES = YES;
				CLANG_WARN_SUSPICIOUS_MOVE = YES;
				CLANG_WARN_UNGUARDED_AVAILABILITY = YES_AGGRESSIVE;
				CLANG_WARN_UNREACHABLE_CODE = YES;
				CLANG_WARN__DUPLICATE_METHOD_MATCH = YES;
				COPY_PHASE_STRIP = NO;
				DEBUG_INFORMATION_FORMAT = "dwarf-with-dsym";
				ENABLE_NS_ASSERTIONS = NO;
				ENABLE_STRICT_OBJC_MSGSEND = YES;
				GCC_C_LANGUAGE_STANDARD = gnu11;
				GCC_NO_COMMON_BLOCKS = YES;
				GCC_WARN_64_TO_32_BIT_CONVERSION = YES;
				GCC_WARN_ABOUT_RETURN_TYPE = YES_ERROR;
				GCC_WARN_UNDECLARED_SELECTOR = YES;
				GCC_WARN_UNINITIALIZED_AUTOS = YES_AGGRESSIVE;
				GCC_WARN_UNUSED_FUNCTION = YES;
				GCC_WARN_UNUSED_VARIABLE = YES;
				MTL_ENABLE_DEBUG_INFO = NO;
				MTL_FAST_MATH = YES;
				PRODUCT_NAME = "$(TARGET_NAME)";
				SWIFT_COMPILATION_MODE = wholemodule;
				SWIFT_OPTIMIZATION_LEVEL = "-O";
				SWIFT_VERSION = 5.0;
			};
			name = Release;
		};
		C122BDE6C81032CE8F270209 /* Debug */ = {
			isa = XCBuildConfiguration;
			buildSettings = {
				ASSETCATALOG_COMPILER_APPICON_NAME = "";
				CODE_SIGNING_ALLOWED = NO;
				ENABLE_HARDENED_RUNTIME = NO;
				GENERATE_INFOPLIST_FILE = YES;
				INFOPLIST_KEY_NSCameraUsageDescription = "Record needs camera access to preview and record video.";
				INFOPLIST_KEY_NSMicrophoneUsageDescription = "Record needs microphone access to capture audio.";
				MACOSX_DEPLOYMENT_TARGET = 14.0;
				PRODUCT_BUNDLE_IDENTIFIER = com.shaofeizhi.record.tests;
				PRODUCT_NAME = RecordCoreTests;
				SDKROOT = macosx;
				SWIFT_VERSION = 6.0;
			};
			name = Debug;
		};
		C44A1510C4250C222AC5A8CE /* Release */ = {
			isa = XCBuildConfiguration;
			buildSettings = {
				ASSETCATALOG_COMPILER_APPICON_NAME = "";
				CODE_SIGNING_ALLOWED = NO;
				COMBINE_HIDPI_IMAGES = YES;
				CURRENT_PROJECT_VERSION = 1;
				DEFINES_MODULE = YES;
				DYLIB_COMPATIBILITY_VERSION = 1;
				DYLIB_CURRENT_VERSION = 1;
				DYLIB_INSTALL_NAME_BASE = "@rpath";
				ENABLE_HARDENED_RUNTIME = NO;
				GENERATE_INFOPLIST_FILE = YES;
				INFOPLIST_KEY_NSCameraUsageDescription = "Record needs camera access to preview and record video.";
				INFOPLIST_KEY_NSMicrophoneUsageDescription = "Record needs microphone access to capture audio.";
				INSTALL_PATH = "$(LOCAL_LIBRARY_DIR)/Frameworks";
				LD_RUNPATH_SEARCH_PATHS = "$(inherited) @executable_path/../Frameworks @loader_path/Frameworks";
				MACOSX_DEPLOYMENT_TARGET = 14.0;
				PRODUCT_BUNDLE_IDENTIFIER = com.shaofeizhi.record.core;
				PRODUCT_MODULE_NAME = RecordCore;
				PRODUCT_NAME = RecordCore;
				SDKROOT = macosx;
				SKIP_INSTALL = YES;
				SWIFT_VERSION = 6.0;
				VERSIONING_SYSTEM = "apple-generic";
				VERSION_INFO_PREFIX = "";
			};
			name = Release;
		};
/* End XCBuildConfiguration section */

/* Begin XCConfigurationList section */
		28BF92DAF5A9DBD39022F19E /* Build configuration list for PBXNativeTarget "Record" */ = {
			isa = XCConfigurationList;
			buildConfigurations = (
				5EB570F744DB3E91FAC4B521 /* Release */,
				7C1FAB8B914C497875B99852 /* Debug */,
			);
			defaultConfigurationIsVisible = 0;
			defaultConfigurationName = Release;
		};
		2FF3836BECC8D57A8CEBF743 /* Build configuration list for PBXProject "Record" */ = {
			isa = XCConfigurationList;
			buildConfigurations = (
				8C4000E1F20CEE536AD12C24 /* Debug */,
				A6B71A0F7FBD353BB2B82B3F /* Release */,
			);
			defaultConfigurationIsVisible = 0;
			defaultConfigurationName = Release;
		};
		383DACA31B318071703A4D6D /* Build configuration list for PBXNativeTarget "RecordCoreTests" */ = {
			isa = XCConfigurationList;
			buildConfigurations = (
				9CE79F7D2CA836B82AB9FDD4 /* Release */,
				C122BDE6C81032CE8F270209 /* Debug */,
			);
			defaultConfigurationIsVisible = 0;
			defaultConfigurationName = Release;
		};
		60A07AE848902912C6E8F17D /* Build configuration list for PBXNativeTarget "RecordCore" */ = {
			isa = XCConfigurationList;
			buildConfigurations = (
				C44A1510C4250C222AC5A8CE /* Release */,
				77E867728B613EA9013FF3B9 /* Debug */,
			);
			defaultConfigurationIsVisible = 0;
			defaultConfigurationName = Release;
		};
/* End XCConfigurationList section */
	};
	rootObject = 7C57612FA7E5D6E8524280DC /* Project object */;
}
